
Microsoft Visual Studio Solution File, Format Version 12.00
# Visual Studio Version 17
VisualStudioVersion = 17.13.35919.96 d17.13
MinimumVisualStudioVersion = 10.0.40219.1
Project("{C9674DCB-5085-4A16-B785-4C70DD1589BD}") = "assignment1", "assignment1\assignment1.dtproj", "{A0ABC727-C1CE-FD89-E7AE-954A397CA47A}"
EndProject
Global
	GlobalSection(SolutionConfigurationPlatforms) = preSolution
		Development|Default = Development|Default
	EndGlobalSection
	GlobalSection(ProjectConfigurationPlatforms) = postSolution
		{A0ABC727-C1CE-FD89-E7AE-954A397CA47A}.Development|Default.ActiveCfg = Development
		{A0ABC727-C1CE-FD89-E7AE-954A397CA47A}.Development|Default.Build.0 = Development
	EndGlobalSection
	GlobalSection(SolutionProperties) = preSolution
		HideSolutionNode = FALSE
	EndGlobalSection
	GlobalSection(ExtensibilityGlobals) = postSolution
		SolutionGuid = {04CDD5AA-FE4D-4DDB-B6DE-54AA723683F1}
	EndGlobalSection
EndGlobal
